{
  "nodes": {
    "home-manager": {
      "inputs": {
        "nixpkgs": [
          "nixpkgs"
        ]
      },
      "locked": {
        "lastModified": 1788620682,
        "narHash": "sha256-qdXXcNrxlA35KvMH8yxlQen3pyJnV7yMDbv1QOOIOBQ=",
        "owner": "nix-community",
        "repo": "home-manager",
        "rev": "8381f3481e4424ea0b53c9e7469c14da799d5822",
        "type": "github"
      },
      "original": {
        "owner": "nix-community",
        "ref": "master",
        "repo": "home-manager",
        "type": "github"
      }
    },
    "nix-claude-code": {
      "inputs": {
        "nixpkgs": "nixpkgs"
      },
      "locked": {
        "lastModified": 1788544929,
        "narHash": "sha256-xU77j1WvPz4kITpP8vCe61Ji69knCrNmUxRaTtwvfbg=",
        "owner": "ryoppippi",
        "repo": "nix-claude-code",
        "rev": "3d13dfe23382719c12f2ec65689b4f8bbf309aa7",
        "type": "github"
      },
      "original": {
        "owner": "ryoppippi",
        "repo": "nix-claude-code",
        "type": "github"
      }
    },
    "nixpkgs": {
      "locked": {
        "lastModified": 1786862985,
        "narHash": "sha256-FBJRXmbGXiSUDvYEbfLYRkckayyZ6SK1UEqhCrIZ2Cs=",
        "owner": "NixOS",
        "repo": "nixpkgs",
        "rev": "e5bdc4a41d4c072fe1e3787eaa0320a384741d44",
        "type": "github"
      },
      "original": {
        "owner": "NixOS",
        "ref": "nixos-unstable",
        "repo": "nixpkgs",
        "type": "github"
      }
    },
    "nixpkgs_2": {
      "locked": {
        "lastModified": 1788531059,
        "narHash": "sha256-hLD4l3QOGBQhkVp3mQ2lJ/YbEi99qUgKapb40KovZ88=",
        "owner": "nixos",
        "repo": "nixpkgs",
        "rev": "801bef6abd86b91e51083066b83fb354a11fc640",
        "type": "github"
      },
      "original": {
        "owner": "nixos",
        "ref": "nixos-unstable",
        "repo": "nixpkgs",
        "type": "github"
      }
    },
    "nixpkgs_3": {
      "locked": {
        "lastModified": 1782175435,
        "narHash": "sha256-EMzXKmnOtBQ2MnvpiNOm7E+kOMvdPrIKaeg52Tip2Uk=",
        "owner": "NixOS",
        "repo": "nixpkgs",
        "rev": "89570f24e97e614aa34aa9ab1c927b6578a43775",
        "type": "github"
      },
      "original": {
        "owner": "NixOS",
        "ref": "nixpkgs-unstable",
        "repo": "nixpkgs",
        "type": "github"
      }
    },
    "root": {
      "inputs": {
        "home-manager": "home-manager",
        "nix-claude-code": "nix-claude-code",
        "nixpkgs": "nixpkgs_2",
        "sops-nix": "sops-nix"
      }
    },
    "sops-nix": {
      "inputs": {
        "nixpkgs": "nixpkgs_3"
      },
      "locked": {
        "lastModified": 1788914643,
        "narHash": "sha256-4GuMPW90JSxXWDPUB9M+1m7fYbe3H0apOd86/zBQ2Kw=",
        "owner": "Mic92",
        "repo": "sops-nix",
        "rev": "13616fff713a9f94055c66f15687ebdc17a335df",
        "type": "github"
      },
      "original": {
        "owner": "Mic92",
        "repo": "sops-nix",
        "type": "github"
      }
    }
  },
  "root": "root",
  "version": 7
}
